{
    "version": 3,
    "terraform_version": "0.11.10",
    "serial": 6,
    "lineage": "7633e310-b62a-9bf9-bac0-b107f36d7d17",
    "modules": [
        {
            "path": [
                "root"
            ],
            "outputs": {},
            "resources": {
                "aws_internet_gateway.artemis": {
                    "type": "aws_internet_gateway",
                    "depends_on": [
                        "aws_vpc.main"
                    ],
                    "primary": {
                        "id": "igw-06c01b4b30af52417",
                        "attributes": {
                            "id": "igw-06c01b4b30af52417",
                            "tags.%": "0",
                            "vpc_id": "vpc-0d38cddb93661a28b"
                        },
                        "meta": {},
                        "tainted": false
                    },
                    "deposed": [],
                    "provider": "provider.aws"
                },
                "aws_route_table.artemis": {
                    "type": "aws_route_table",
                    "depends_on": [
                        "aws_internet_gateway.artemis",
                        "aws_vpc.main"
                    ],
                    "primary": {
                        "id": "rtb-0d85d8e65d9551a5e",
                        "attributes": {
                            "id": "rtb-0d85d8e65d9551a5e",
                            "propagating_vgws.#": "0",
                            "route.#": "1",
                            "route.2206273470.cidr_block": "0.0.0.0/0",
                            "route.2206273470.egress_only_gateway_id": "",
                            "route.2206273470.gateway_id": "igw-06c01b4b30af52417",
                            "route.2206273470.instance_id": "",
                            "route.2206273470.ipv6_cidr_block": "",
                            "route.2206273470.nat_gateway_id": "",
                            "route.2206273470.network_interface_id": "",
                            "route.2206273470.vpc_peering_connection_id": "",
                            "tags.%": "0",
                            "vpc_id": "vpc-0d38cddb93661a28b"
                        },
                        "meta": {},
                        "tainted": false
                    },
                    "deposed": [],
                    "provider": "provider.aws"
                },
                "aws_subnet.artemis-private": {
                    "type": "aws_subnet",
                    "depends_on": [
                        "aws_vpc.main"
                    ],
                    "primary": {
                        "id": "subnet-08bd1d0b7e5fc9434",
                        "attributes": {
                            "arn": "arn:aws:ec2:us-east-1:471969272520:subnet/subnet-08bd1d0b7e5fc9434",
                            "assign_ipv6_address_on_creation": "false",
                            "availability_zone": "us-east-1d",
                            "cidr_block": "10.0.1.0/24",
                            "id": "subnet-08bd1d0b7e5fc9434",
                            "map_public_ip_on_launch": "false",
                            "tags.%": "0",
                            "vpc_id": "vpc-0d38cddb93661a28b"
                        },
                        "meta": {
                            "e2bfb730-ecaa-11e6-8f88-34363bc7c4c0": {
                                "create": 600000000000,
                                "delete": 600000000000
                            },
                            "schema_version": "1"
                        },
                        "tainted": false
                    },
                    "deposed": [],
                    "provider": "provider.aws"
                },
                "aws_subnet.artemis-public": {
                    "type": "aws_subnet",
                    "depends_on": [
                        "aws_vpc.main"
                    ],
                    "primary": {
                        "id": "subnet-047033f6e67ad9ef6",
                        "attributes": {
                            "arn": "arn:aws:ec2:us-east-1:471969272520:subnet/subnet-047033f6e67ad9ef6",
                            "assign_ipv6_address_on_creation": "false",
                            "availability_zone": "us-east-1f",
                            "cidr_block": "10.0.2.0/24",
                            "id": "subnet-047033f6e67ad9ef6",
                            "map_public_ip_on_launch": "false",
                            "tags.%": "0",
                            "vpc_id": "vpc-0d38cddb93661a28b"
                        },
                        "meta": {
                            "e2bfb730-ecaa-11e6-8f88-34363bc7c4c0": {
                                "create": 600000000000,
                                "delete": 600000000000
                            },
                            "schema_version": "1"
                        },
                        "tainted": false
                    },
                    "deposed": [],
                    "provider": "provider.aws"
                },
                "aws_vpc.main": {
                    "type": "aws_vpc",
                    "depends_on": [],
                    "primary": {
                        "id": "vpc-0d38cddb93661a28b",
                        "attributes": {
                            "arn": "arn:aws:ec2:us-east-1:471969272520:vpc/vpc-0d38cddb93661a28b",
                            "assign_generated_ipv6_cidr_block": "false",
                            "cidr_block": "10.0.0.0/16",
                            "default_network_acl_id": "acl-09fa46d2bee812872",
                            "default_route_table_id": "rtb-0a0059340351483ee",
                            "default_security_group_id": "sg-0608e9d52402db8b7",
                            "dhcp_options_id": "dopt-8d3745f6",
                            "enable_classiclink": "false",
                            "enable_classiclink_dns_support": "false",
                            "enable_dns_hostnames": "false",
                            "enable_dns_support": "true",
                            "id": "vpc-0d38cddb93661a28b",
                            "instance_tenancy": "default",
                            "main_route_table_id": "rtb-0a0059340351483ee",
                            "tags.%": "0"
                        },
                        "meta": {
                            "schema_version": "1"
                        },
                        "tainted": false
                    },
                    "deposed": [],
                    "provider": "provider.aws"
                }
            },
            "depends_on": []
        }
    ]
}
